
Microsoft Visual Studio Solution File, Format Version 12.00
# Visual Studio Version 17
VisualStudioVersion = 17.3.32901.215
MinimumVisualStudioVersion = 10.0.40219.1
Project("{8BC9CEB8-8B4A-11D0-8D11-00A0C91BC942}") = "sampling", "sampling.vcxproj", "{D0DC929F-7EDD-470B-87CA-67EE442FA9D7}"
EndProject
Global
	GlobalSection(SolutionConfigurationPlatforms) = preSolution
		Debug|x64 = Debug|x64
		Debug|x86 = Debug|x86
		Release|x64 = Release|x64
		Release|x86 = Release|x86
	EndGlobalSection
	GlobalSection(ProjectConfigurationPlatforms) = postSolution
		{D0DC929F-7EDD-470B-87CA-67EE442FA9D7}.Debug|x64.ActiveCfg = Debug|x64
		{D0DC929F-7EDD-470B-87CA-67EE442FA9D7}.Debug|x64.Build.0 = Debug|x64
		{D0DC929F-7EDD-470B-87CA-67EE442FA9D7}.Debug|x86.ActiveCfg = Debug|Win32
		{D0DC929F-7EDD-470B-87CA-67EE442FA9D7}.Debug|x86.Build.0 = Debug|Win32
		{D0DC929F-7EDD-470B-87CA-67EE442FA9D7}.Release|x64.ActiveCfg = Release|x64
		{D0DC929F-7EDD-470B-87CA-67EE442FA9D7}.Release|x64.Build.0 = Release|x64
		{D0DC929F-7EDD-470B-87CA-67EE442FA9D7}.Release|x86.ActiveCfg = Release|Win32
		{D0DC929F-7EDD-470B-87CA-67EE442FA9D7}.Release|x86.Build.0 = Release|Win32
	EndGlobalSection
	GlobalSection(SolutionProperties) = preSolution
		HideSolutionNode = FALSE
	EndGlobalSection
	GlobalSection(ExtensibilityGlobals) = postSolution
		SolutionGuid = {38F5B0D3-79D3-4ACF-835F-4E28A0790321}
	EndGlobalSection
EndGlobal
